{
  "name": "packagetest",
  "version": "1.0.0",
  "lockfileVersion": 3,
  "requires": true,
  "packages": {
    "": {
      "name": "packagetest",
      "version": "1.0.0",
      "dependencies": {
        "@ilovejam/llm-drift-ctl": "^0.1.0"
      }
    },
    "node_modules/@ilovejam/llm-drift-ctl": {
      "version": "0.1.0",
      "resolved": "https://registry.npmjs.org/@ilovejam/llm-drift-ctl/-/llm-drift-ctl-0.1.0.tgz",
      "integrity": "sha512-IKFgTiV+t2onkw5TFhJdfwxSLSsjyBrwdEBiIYxAARBrJhJaIEXIMF7wgcKBzASW0LT4SzSaq9P7tOTnGOwMPg==",
      "license": "MIT"
    }
  }
}
